github.com/Rbd3178/redBlackTree v0.0.0-20240228180535-bf5ef5613c01 h1:nMtt6BfgTz/zpEh7tfEdoveUAzyeLCipvqoscZtjwq4=
github.com/Rbd3178/redBlackTree v0.0.0-20240228180535-bf5ef5613c01/go.mod h1:I9/13Zy9zYGjK8XbjrmlmriQJ3vpkyJU14eMtroT7/k=
golang.org/x/exp v0.0.0-20240213143201-ec583247a57a h1:HinSgX1tJRX3KsL//Gxynpw5CTOAIPhgL4W8PNiIpVE=
golang.org/x/exp v0.0.0-20240213143201-ec583247a57a/go.mod h1:CxmFvTBINI24O/j8iY7H1xHzx2i4OsyguNBmN/uPtqc=
